
Microsoft Visual Studio Solution File, Format Version 12.00
# Visual Studio 15
VisualStudioVersion = 15.0.28307.572
MinimumVisualStudioVersion = 10.0.40219.1
Project("{FAE04EC0-301F-11D3-BF4B-00C04F79EFBC}") = "GSMasterServer", "GSMasterServer\GSMasterServer.csproj", "{64BC01A8-FCD2-4AB7-8811-3200F83AE124}"
EndProject
Project("{9A19103F-16F7-4668-BE54-9A1E7A4F7556}") = "IrcD.Net", "IrcD.Net\IrcD.Net.csproj", "{CB90E04F-4B75-47C5-BEA3-C3ACE3A98A79}"
EndProject
Project("{FAE04EC0-301F-11D3-BF4B-00C04F79EFBC}") = "GSChatTester", "GSChatTester\GSChatTester.csproj", "{A781A0F1-478B-4FBD-BEEE-E82C3373FF87}"
EndProject
Project("{8BC9CEB8-8B4A-11D0-8D11-00A0C91BC942}") = "ConsoleChat", "ConsoleChat\ConsoleChat.vcxproj", "{B87C4805-185B-470F-867D-1F1AFBD27551}"
EndProject
Project("{FAE04EC0-301F-11D3-BF4B-00C04F79EFBC}") = "DllHook", "DllHook\DllHook.csproj", "{1D8763ED-C8E6-4288-BB52-57A4EF2E94DF}"
EndProject
Global
	GlobalSection(SolutionConfigurationPlatforms) = preSolution
		Debug|Any CPU = Debug|Any CPU
		Debug|x64 = Debug|x64
		Debug|x86 = Debug|x86
		Release|Any CPU = Release|Any CPU
		Release|x64 = Release|x64
		Release|x86 = Release|x86
	EndGlobalSection
	GlobalSection(ProjectConfigurationPlatforms) = postSolution
		{64BC01A8-FCD2-4AB7-8811-3200F83AE124}.Debug|Any CPU.ActiveCfg = Debug|Any CPU
		{64BC01A8-FCD2-4AB7-8811-3200F83AE124}.Debug|Any CPU.Build.0 = Debug|Any CPU
		{64BC01A8-FCD2-4AB7-8811-3200F83AE124}.Debug|x64.ActiveCfg = Debug|Any CPU
		{64BC01A8-FCD2-4AB7-8811-3200F83AE124}.Debug|x64.Build.0 = Debug|Any CPU
		{64BC01A8-FCD2-4AB7-8811-3200F83AE124}.Debug|x86.ActiveCfg = Debug|Any CPU
		{64BC01A8-FCD2-4AB7-8811-3200F83AE124}.Debug|x86.Build.0 = Debug|Any CPU
		{64BC01A8-FCD2-4AB7-8811-3200F83AE124}.Release|Any CPU.ActiveCfg = Release|Any CPU
		{64BC01A8-FCD2-4AB7-8811-3200F83AE124}.Release|Any CPU.Build.0 = Release|Any CPU
		{64BC01A8-FCD2-4AB7-8811-3200F83AE124}.Release|x64.ActiveCfg = Release|Any CPU
		{64BC01A8-FCD2-4AB7-8811-3200F83AE124}.Release|x64.Build.0 = Release|Any CPU
		{64BC01A8-FCD2-4AB7-8811-3200F83AE124}.Release|x86.ActiveCfg = Release|Any CPU
		{64BC01A8-FCD2-4AB7-8811-3200F83AE124}.Release|x86.Build.0 = Release|Any CPU
		{CB90E04F-4B75-47C5-BEA3-C3ACE3A98A79}.Debug|Any CPU.ActiveCfg = Debug|Any CPU
		{CB90E04F-4B75-47C5-BEA3-C3ACE3A98A79}.Debug|Any CPU.Build.0 = Debug|Any CPU
		{CB90E04F-4B75-47C5-BEA3-C3ACE3A98A79}.Debug|x64.ActiveCfg = Debug|Any CPU
		{CB90E04F-4B75-47C5-BEA3-C3ACE3A98A79}.Debug|x64.Build.0 = Debug|Any CPU
		{CB90E04F-4B75-47C5-BEA3-C3ACE3A98A79}.Debug|x86.ActiveCfg = Debug|Any CPU
		{CB90E04F-4B75-47C5-BEA3-C3ACE3A98A79}.Debug|x86.Build.0 = Debug|Any CPU
		{CB90E04F-4B75-47C5-BEA3-C3ACE3A98A79}.Release|Any CPU.ActiveCfg = Release|Any CPU
		{CB90E04F-4B75-47C5-BEA3-C3ACE3A98A79}.Release|Any CPU.Build.0 = Release|Any CPU
		{CB90E04F-4B75-47C5-BEA3-C3ACE3A98A79}.Release|x64.ActiveCfg = Release|Any CPU
		{CB90E04F-4B75-47C5-BEA3-C3ACE3A98A79}.Release|x64.Build.0 = Release|Any CPU
		{CB90E04F-4B75-47C5-BEA3-C3ACE3A98A79}.Release|x86.ActiveCfg = Release|Any CPU
		{CB90E04F-4B75-47C5-BEA3-C3ACE3A98A79}.Release|x86.Build.0 = Release|Any CPU
		{A781A0F1-478B-4FBD-BEEE-E82C3373FF87}.Debug|Any CPU.ActiveCfg = Debug|Any CPU
		{A781A0F1-478B-4FBD-BEEE-E82C3373FF87}.Debug|Any CPU.Build.0 = Debug|Any CPU
		{A781A0F1-478B-4FBD-BEEE-E82C3373FF87}.Debug|x64.ActiveCfg = Debug|Any CPU
		{A781A0F1-478B-4FBD-BEEE-E82C3373FF87}.Debug|x64.Build.0 = Debug|Any CPU
		{A781A0F1-478B-4FBD-BEEE-E82C3373FF87}.Debug|x86.ActiveCfg = Debug|Any CPU
		{A781A0F1-478B-4FBD-BEEE-E82C3373FF87}.Debug|x86.Build.0 = Debug|Any CPU
		{A781A0F1-478B-4FBD-BEEE-E82C3373FF87}.Release|Any CPU.ActiveCfg = Release|Any CPU
		{A781A0F1-478B-4FBD-BEEE-E82C3373FF87}.Release|Any CPU.Build.0 = Release|Any CPU
		{A781A0F1-478B-4FBD-BEEE-E82C3373FF87}.Release|x64.ActiveCfg = Release|Any CPU
		{A781A0F1-478B-4FBD-BEEE-E82C3373FF87}.Release|x64.Build.0 = Release|Any CPU
		{A781A0F1-478B-4FBD-BEEE-E82C3373FF87}.Release|x86.ActiveCfg = Release|Any CPU
		{A781A0F1-478B-4FBD-BEEE-E82C3373FF87}.Release|x86.Build.0 = Release|Any CPU
		{B87C4805-185B-470F-867D-1F1AFBD27551}.Debug|Any CPU.ActiveCfg = Debug|Win32
		{B87C4805-185B-470F-867D-1F1AFBD27551}.Debug|x64.ActiveCfg = Debug|x64
		{B87C4805-185B-470F-867D-1F1AFBD27551}.Debug|x64.Build.0 = Debug|x64
		{B87C4805-185B-470F-867D-1F1AFBD27551}.Debug|x86.ActiveCfg = Debug|Win32
		{B87C4805-185B-470F-867D-1F1AFBD27551}.Debug|x86.Build.0 = Debug|Win32
		{B87C4805-185B-470F-867D-1F1AFBD27551}.Release|Any CPU.ActiveCfg = Release|Win32
		{B87C4805-185B-470F-867D-1F1AFBD27551}.Release|x64.ActiveCfg = Release|x64
		{B87C4805-185B-470F-867D-1F1AFBD27551}.Release|x64.Build.0 = Release|x64
		{B87C4805-185B-470F-867D-1F1AFBD27551}.Release|x86.ActiveCfg = Release|Win32
		{B87C4805-185B-470F-867D-1F1AFBD27551}.Release|x86.Build.0 = Release|Win32
		{1D8763ED-C8E6-4288-BB52-57A4EF2E94DF}.Debug|Any CPU.ActiveCfg = Debug|Any CPU
		{1D8763ED-C8E6-4288-BB52-57A4EF2E94DF}.Debug|Any CPU.Build.0 = Debug|Any CPU
		{1D8763ED-C8E6-4288-BB52-57A4EF2E94DF}.Debug|x64.ActiveCfg = Debug|Any CPU
		{1D8763ED-C8E6-4288-BB52-57A4EF2E94DF}.Debug|x64.Build.0 = Debug|Any CPU
		{1D8763ED-C8E6-4288-BB52-57A4EF2E94DF}.Debug|x86.ActiveCfg = Debug|Any CPU
		{1D8763ED-C8E6-4288-BB52-57A4EF2E94DF}.Debug|x86.Build.0 = Debug|Any CPU
		{1D8763ED-C8E6-4288-BB52-57A4EF2E94DF}.Release|Any CPU.ActiveCfg = Release|Any CPU
		{1D8763ED-C8E6-4288-BB52-57A4EF2E94DF}.Release|Any CPU.Build.0 = Release|Any CPU
		{1D8763ED-C8E6-4288-BB52-57A4EF2E94DF}.Release|x64.ActiveCfg = Release|Any CPU
		{1D8763ED-C8E6-4288-BB52-57A4EF2E94DF}.Release|x64.Build.0 = Release|Any CPU
		{1D8763ED-C8E6-4288-BB52-57A4EF2E94DF}.Release|x86.ActiveCfg = Release|Any CPU
		{1D8763ED-C8E6-4288-BB52-57A4EF2E94DF}.Release|x86.Build.0 = Release|Any CPU
	EndGlobalSection
	GlobalSection(SolutionProperties) = preSolution
		HideSolutionNode = FALSE
	EndGlobalSection
	GlobalSection(ExtensibilityGlobals) = postSolution
		SolutionGuid = {6D099571-A6E6-43B6-877F-52239D999078}
	EndGlobalSection
EndGlobal
